
Microsoft Visual Studio Solution File, Format Version 12.00
# Visual Studio Version 17
VisualStudioVersion = 17.7.34221.43
MinimumVisualStudioVersion = 10.0.40219.1
Project("{E24C65DC-1110-BAB5-1000-0BAB510DE666}") = "archon", "archon\", "{F6A72488-1110-BAB5-1000-0BAB510DE777}"
	ProjectSection(WebsiteProperties) = preProject
		TargetFrameworkMoniker = ".NETFramework,Version%3Dv4.8"
		Debug.AspNetCompiler.VirtualPath = "/localhost_51915"
		Debug.AspNetCompiler.PhysicalPath = "archon\"
		Debug.AspNetCompiler.TargetPath = "PrecompiledWeb\localhost_51915\"
		Debug.AspNetCompiler.Updateable = "true"
		Debug.AspNetCompiler.ForceOverwrite = "true"
		Debug.AspNetCompiler.FixedNames = "false"
		Debug.AspNetCompiler.Debug = "True"
		Release.AspNetCompiler.VirtualPath = "/localhost_51915"
		Release.AspNetCompiler.PhysicalPath = "archon\"
		Release.AspNetCompiler.TargetPath = "PrecompiledWeb\localhost_51915\"
		Release.AspNetCompiler.Updateable = "true"
		Release.AspNetCompiler.ForceOverwrite = "true"
		Release.AspNetCompiler.FixedNames = "false"
		Release.AspNetCompiler.Debug = "False"
		VWDPort = "51915"
		SlnRelativePath = "archon\"
	EndProjectSection
EndProject
Global
	GlobalSection(SolutionConfigurationPlatforms) = preSolution
		Debug|Any CPU = Debug|Any CPU
	EndGlobalSection
	GlobalSection(ProjectConfigurationPlatforms) = postSolution
		{F6A72488-1110-BAB5-1000-0BAB510DE777}.Debug|Any CPU.ActiveCfg = Debug|Any CPU
		{F6A72488-1110-BAB5-1000-0BAB510DE777}.Debug|Any CPU.Build.0 = Debug|Any CPU
	EndGlobalSection
	GlobalSection(SolutionProperties) = preSolution
		HideSolutionNode = FALSE
	EndGlobalSection
	GlobalSection(ExtensibilityGlobals) = postSolution
		SolutionGuid = {BA0C04EA-0000-BAB5-1111-0BAB5100DE00}
	EndGlobalSection
EndGlobal
